// !$*UTF8*$!
{
	archiveVersion = 1;
	classes = {
	};
	objectVersion = 77;
	objects = {

/* Begin PBXBuildFile section */
		0E9B72312E0B560C006DF883 /* SQLiteVec in Frameworks */ = {isa = PBXBuildFile; productRef = 0E9B72302E0B560C006DF883 /* SQLiteVec */; };
		0ECDE8D32E0B136C0020E1EB /* GRDB in Frameworks */ = {isa = PBXBuildFile; productRef = 0ECDE8D22E0B136C0020E1EB /* GRDB */; };
		0ECDE8D52E0B13780020E1EB /* MCP in Frameworks */ = {isa = PBXBuildFile; productRef = 0ECDE8D42E0B13780020E1EB /* MCP */; };
		0ECDE8DA2E0B1BD80020E1EB /* Swifter in Frameworks */ = {isa = PBXBuildFile; productRef = 0ECDE8D92E0B1BD80020E1EB /* Swifter */; };
/* End PBXBuildFile section */

/* Begin PBXContainerItemProxy section */
		0ECDE8AF2E0AEE1F0020E1EB /* PBXContainerItemProxy */ = {
			isa = PBXContainerItemProxy;
			containerPortal = 0ECDE8982E0AEE1E0020E1EB /* Project object */;
			proxyType = 1;
			remoteGlobalIDString = 0ECDE89F2E0AEE1E0020E1EB;
			remoteInfo = "slunk-swift";
		};
		0ECDE8B92E0AEE1F0020E1EB /* PBXContainerItemProxy */ = {
			isa = PBXContainerItemProxy;
			containerPortal = 0ECDE8982E0AEE1E0020E1EB /* Project object */;
			proxyType = 1;
			remoteGlobalIDString = 0ECDE89F2E0AEE1E0020E1EB;
			remoteInfo = "slunk-swift";
		};
/* End PBXContainerItemProxy section */

/* Begin PBXFileReference section */
		0ECDE8A02E0AEE1E0020E1EB /* slunk-swift.app */ = {isa = PBXFileReference; explicitFileType = wrapper.application; includeInIndex = 0; path = "slunk-swift.app"; sourceTree = BUILT_PRODUCTS_DIR; };
		0ECDE8AE2E0AEE1F0020E1EB /* slunk-swiftTests.xctest */ = {isa = PBXFileReference; explicitFileType = wrapper.cfbundle; includeInIndex = 0; path = "slunk-swiftTests.xctest"; sourceTree = BUILT_PRODUCTS_DIR; };
		0ECDE8B82E0AEE1F0020E1EB /* slunk-swiftUITests.xctest */ = {isa = PBXFileReference; explicitFileType = wrapper.cfbundle; includeInIndex = 0; path = "slunk-swiftUITests.xctest"; sourceTree = BUILT_PRODUCTS_DIR; };
		0ECDE8DE2E0B1D1C0020E1EB /* GRDBCustomSQLite-USER.xcconfig */ = {isa = PBXFileReference; lastKnownFileType = text.xcconfig; path = "GRDBCustomSQLite-USER.xcconfig"; sourceTree = "<group>"; };
/* End PBXFileReference section */

/* Begin PBXFileSystemSynchronizedRootGroup section */
		0ECDE8A22E0AEE1E0020E1EB /* slunk-swift */ = {
			isa = PBXFileSystemSynchronizedRootGroup;
			path = "slunk-swift";
			sourceTree = "<group>";
		};
		0ECDE8B12E0AEE1F0020E1EB /* slunk-swiftTests */ = {
			isa = PBXFileSystemSynchronizedRootGroup;
			path = "slunk-swiftTests";
			sourceTree = "<group>";
		};
		0ECDE8BB2E0AEE1F0020E1EB /* slunk-swiftUITests */ = {
			isa = PBXFileSystemSynchronizedRootGroup;
			path = "slunk-swiftUITests";
			sourceTree = "<group>";
		};
/* End PBXFileSystemSynchronizedRootGroup section */

/* Begin PBXFrameworksBuildPhase section */
		0ECDE89D2E0AEE1E0020E1EB /* Frameworks */ = {
			isa = PBXFrameworksBuildPhase;
			buildActionMask = 2147483647;
			files = (
				0ECDE8DA2E0B1BD80020E1EB /* Swifter in Frameworks */,
				0E9B72312E0B560C006DF883 /* SQLiteVec in Frameworks */,
				0ECDE8D32E0B136C0020E1EB /* GRDB in Frameworks */,
				0ECDE8D52E0B13780020E1EB /* MCP in Frameworks */,
			);
			runOnlyForDeploymentPostprocessing = 0;
		};
		0ECDE8AB2E0AEE1F0020E1EB /* Frameworks */ = {
			isa = PBXFrameworksBuildPhase;
			buildActionMask = 2147483647;
			files = (
			);
			runOnlyForDeploymentPostprocessing = 0;
		};
		0ECDE8B52E0AEE1F0020E1EB /* Frameworks */ = {
			isa = PBXFrameworksBuildPhase;
			buildActionMask = 2147483647;
			files = (
			);
			runOnlyForDeploymentPostprocessing = 0;
		};
/* End PBXFrameworksBuildPhase section */

/* Begin PBXGroup section */
		0E9B7C7A2E0CA0EE006DF883 /* Recovered References */ = {
			isa = PBXGroup;
			children = (
				0ECDE8DE2E0B1D1C0020E1EB /* GRDBCustomSQLite-USER.xcconfig */,
			);
			name = "Recovered References";
			sourceTree = "<group>";
		};
		0ECDE8972E0AEE1E0020E1EB = {
			isa = PBXGroup;
			children = (
				0ECDE8A22E0AEE1E0020E1EB /* slunk-swift */,
				0ECDE8B12E0AEE1F0020E1EB /* slunk-swiftTests */,
				0ECDE8BB2E0AEE1F0020E1EB /* slunk-swiftUITests */,
				0ECDE8D12E0B136C0020E1EB /* Frameworks */,
				0ECDE8A12E0AEE1E0020E1EB /* Products */,
				0E9B7C7A2E0CA0EE006DF883 /* Recovered References */,
			);
			sourceTree = "<group>";
		};
		0ECDE8A12E0AEE1E0020E1EB /* Products */ = {
			isa = PBXGroup;
			children = (
				0ECDE8A02E0AEE1E0020E1EB /* slunk-swift.app */,
				0ECDE8AE2E0AEE1F0020E1EB /* slunk-swiftTests.xctest */,
				0ECDE8B82E0AEE1F0020E1EB /* slunk-swiftUITests.xctest */,
			);
			name = Products;
			sourceTree = "<group>";
		};
		0ECDE8D12E0B136C0020E1EB /* Frameworks */ = {
			isa = PBXGroup;
			children = (
			);
			name = Frameworks;
			sourceTree = "<group>";
		};
/* End PBXGroup section */

/* Begin PBXNativeTarget section */
		0ECDE89F2E0AEE1E0020E1EB /* slunk-swift */ = {
			isa = PBXNativeTarget;
			buildConfigurationList = 0ECDE8C22E0AEE1F0020E1EB /* Build configuration list for PBXNativeTarget "slunk-swift" */;
			buildPhases = (
				0ECDE89C2E0AEE1E0020E1EB /* Sources */,
				0ECDE89D2E0AEE1E0020E1EB /* Frameworks */,
				0ECDE89E2E0AEE1E0020E1EB /* Resources */,
			);
			buildRules = (
			);
			dependencies = (
			);
			fileSystemSynchronizedGroups = (
				0ECDE8A22E0AEE1E0020E1EB /* slunk-swift */,
			);
			name = "slunk-swift";
			packageProductDependencies = (
				0ECDE8D22E0B136C0020E1EB /* GRDB */,
				0ECDE8D42E0B13780020E1EB /* MCP */,
				0ECDE8D92E0B1BD80020E1EB /* Swifter */,
				0E9B72302E0B560C006DF883 /* SQLiteVec */,
			);
			productName = "slunk-swift";
			productReference = 0ECDE8A02E0AEE1E0020E1EB /* slunk-swift.app */;
			productType = "com.apple.product-type.application";
		};
		0ECDE8AD2E0AEE1F0020E1EB /* slunk-swiftTests */ = {
			isa = PBXNativeTarget;
			buildConfigurationList = 0ECDE8C52E0AEE1F0020E1EB /* Build configuration list for PBXNativeTarget "slunk-swiftTests" */;
			buildPhases = (
				0ECDE8AA2E0AEE1F0020E1EB /* Sources */,
				0ECDE8AB2E0AEE1F0020E1EB /* Frameworks */,
				0ECDE8AC2E0AEE1F0020E1EB /* Resources */,
			);
			buildRules = (
			);
			dependencies = (
				0ECDE8B02E0AEE1F0020E1EB /* PBXTargetDependency */,
			);
			fileSystemSynchronizedGroups = (
				0ECDE8B12E0AEE1F0020E1EB /* slunk-swiftTests */,
			);
			name = "slunk-swiftTests";
			packageProductDependencies = (
			);
			productName = "slunk-swiftTests";
			productReference = 0ECDE8AE2E0AEE1F0020E1EB /* slunk-swiftTests.xctest */;
			productType = "com.apple.product-type.bundle.unit-test";
		};
		0ECDE8B72E0AEE1F0020E1EB /* slunk-swiftUITests */ = {
			isa = PBXNativeTarget;
			buildConfigurationList = 0ECDE8C82E0AEE1F0020E1EB /* Build configuration list for PBXNativeTarget "slunk-swiftUITests" */;
			buildPhases = (
				0ECDE8B42E0AEE1F0020E1EB /* Sources */,
				0ECDE8B52E0AEE1F0020E1EB /* Frameworks */,
				0ECDE8B62E0AEE1F0020E1EB /* Resources */,
			);
			buildRules = (
			);
			dependencies = (
				0ECDE8BA2E0AEE1F0020E1EB /* PBXTargetDependency */,
			);
			fileSystemSynchronizedGroups = (
				0ECDE8BB2E0AEE1F0020E1EB /* slunk-swiftUITests */,
			);
			name = "slunk-swiftUITests";
			packageProductDependencies = (
			);
			productName = "slunk-swiftUITests";
			productReference = 0ECDE8B82E0AEE1F0020E1EB /* slunk-swiftUITests.xctest */;
			productType = "com.apple.product-type.bundle.ui-testing";
		};
/* End PBXNativeTarget section */

/* Begin PBXProject section */
		0ECDE8982E0AEE1E0020E1EB /* Project object */ = {
			isa = PBXProject;
			attributes = {
				BuildIndependentTargetsInParallel = 1;
				LastSwiftUpdateCheck = 1640;
				LastUpgradeCheck = 1640;
				TargetAttributes = {
					0ECDE89F2E0AEE1E0020E1EB = {
						CreatedOnToolsVersion = 16.4;
					};
					0ECDE8AD2E0AEE1F0020E1EB = {
						CreatedOnToolsVersion = 16.4;
						TestTargetID = 0ECDE89F2E0AEE1E0020E1EB;
					};
					0ECDE8B72E0AEE1F0020E1EB = {
						CreatedOnToolsVersion = 16.4;
						TestTargetID = 0ECDE89F2E0AEE1E0020E1EB;
					};
				};
			};
			buildConfigurationList = 0ECDE89B2E0AEE1E0020E1EB /* Build configuration list for PBXProject "slunk-swift" */;
			developmentRegion = en;
			hasScannedForEncodings = 0;
			knownRegions = (
				en,
				Base,
			);
			mainGroup = 0ECDE8972E0AEE1E0020E1EB;
			minimizedProjectReferenceProxies = 1;
			packageReferences = (
				0ECDE8CD2E0B12470020E1EB /* XCRemoteSwiftPackageReference "swift-sdk" */,
				0ECDE8CE2E0B126D0020E1EB /* XCRemoteSwiftPackageReference "GRDB.swift" */,
				0ECDE8CF2E0B12790020E1EB /* XCRemoteSwiftPackageReference "SQLiteVec" */,
				0ECDE8D02E0B128A0020E1EB /* XCRemoteSwiftPackageReference "AXSwift" */,
				0ECDE8D82E0B1BCA0020E1EB /* XCRemoteSwiftPackageReference "swifter" */,
			);
			preferredProjectObjectVersion = 77;
			productRefGroup = 0ECDE8A12E0AEE1E0020E1EB /* Products */;
			projectDirPath = "";
			projectRoot = "";
			targets = (
				0ECDE89F2E0AEE1E0020E1EB /* slunk-swift */,
				0ECDE8AD2E0AEE1F0020E1EB /* slunk-swiftTests */,
				0ECDE8B72E0AEE1F0020E1EB /* slunk-swiftUITests */,
			);
		};
/* End PBXProject section */

/* Begin PBXResourcesBuildPhase section */
		0ECDE89E2E0AEE1E0020E1EB /* Resources */ = {
			isa = PBXResourcesBuildPhase;
			buildActionMask = 2147483647;
			files = (
			);
			runOnlyForDeploymentPostprocessing = 0;
		};
		0ECDE8AC2E0AEE1F0020E1EB /* Resources */ = {
			isa = PBXResourcesBuildPhase;
			buildActionMask = 2147483647;
			files = (
			);
			runOnlyForDeploymentPostprocessing = 0;
		};
		0ECDE8B62E0AEE1F0020E1EB /* Resources */ = {
			isa = PBXResourcesBuildPhase;
			buildActionMask = 2147483647;
			files = (
			);
			runOnlyForDeploymentPostprocessing = 0;
		};
/* End PBXResourcesBuildPhase section */

/* Begin PBXSourcesBuildPhase section */
		0ECDE89C2E0AEE1E0020E1EB /* Sources */ = {
			isa = PBXSourcesBuildPhase;
			buildActionMask = 2147483647;
			files = (
			);
			runOnlyForDeploymentPostprocessing = 0;
		};
		0ECDE8AA2E0AEE1F0020E1EB /* Sources */ = {
			isa = PBXSourcesBuildPhase;
			buildActionMask = 2147483647;
			files = (
			);
			runOnlyForDeploymentPostprocessing = 0;
		};
		0ECDE8B42E0AEE1F0020E1EB /* Sources */ = {
			isa = PBXSourcesBuildPhase;
			buildActionMask = 2147483647;
			files = (
			);
			runOnlyForDeploymentPostprocessing = 0;
		};
/* End PBXSourcesBuildPhase section */

/* Begin PBXTargetDependency section */
		0ECDE8B02E0AEE1F0020E1EB /* PBXTargetDependency */ = {
			isa = PBXTargetDependency;
			target = 0ECDE89F2E0AEE1E0020E1EB /* slunk-swift */;
			targetProxy = 0ECDE8AF2E0AEE1F0020E1EB /* PBXContainerItemProxy */;
		};
		0ECDE8BA2E0AEE1F0020E1EB /* PBXTargetDependency */ = {
			isa = PBXTargetDependency;
			target = 0ECDE89F2E0AEE1E0020E1EB /* slunk-swift */;
			targetProxy = 0ECDE8B92E0AEE1F0020E1EB /* PBXContainerItemProxy */;
		};
/* End PBXTargetDependency section */

/* Begin XCBuildConfiguration section */
		0ECDE8C02E0AEE1F0020E1EB /* Debug */ = {
			isa = XCBuildConfiguration;
			buildSettings = {
				ALWAYS_SEARCH_USER_PATHS = NO;
				ASSETCATALOG_COMPILER_GENERATE_SWIFT_ASSET_SYMBOL_EXTENSIONS = YES;
				CLANG_ANALYZER_NONNULL = YES;
				CLANG_ANALYZER_NUMBER_OBJECT_CONVERSION = YES_AGGRESSIVE;
				CLANG_CXX_LANGUAGE_STANDARD = "gnu++20";
				CLANG_ENABLE_MODULES = YES;
				CLANG_ENABLE_OBJC_ARC = YES;
				CLANG_ENABLE_OBJC_WEAK = YES;
				CLANG_WARN_BLOCK_CAPTURE_AUTORELEASING = YES;
				CLANG_WARN_BOOL_CONVERSION = YES;
				CLANG_WARN_COMMA = YES;
				CLANG_WARN_CONSTANT_CONVERSION = YES;
				CLANG_WARN_DEPRECATED_OBJC_IMPLEMENTATIONS = YES;
				CLANG_WARN_DIRECT_OBJC_ISA_USAGE = YES_ERROR;
				CLANG_WARN_DOCUMENTATION_COMMENTS = YES;
				CLANG_WARN_EMPTY_BODY = YES;
				CLANG_WARN_ENUM_CONVERSION = YES;
				CLANG_WARN_INFINITE_RECURSION = YES;
				CLANG_WARN_INT_CONVERSION = YES;
				CLANG_WARN_NON_LITERAL_NULL_CONVERSION = YES;
				CLANG_WARN_OBJC_IMPLICIT_RETAIN_SELF = YES;
				CLANG_WARN_OBJC_LITERAL_CONVERSION = YES;
				CLANG_WARN_OBJC_ROOT_CLASS = YES_ERROR;
				CLANG_WARN_QUOTED_INCLUDE_IN_FRAMEWORK_HEADER = YES;
				CLANG_WARN_RANGE_LOOP_ANALYSIS = YES;
				CLANG_WARN_STRICT_PROTOTYPES = YES;
				CLANG_WARN_SUSPICIOUS_MOVE = YES;
				CLANG_WARN_UNGUARDED_AVAILABILITY = YES_AGGRESSIVE;
				CLANG_WARN_UNREACHABLE_CODE = YES;
				CLANG_WARN__DUPLICATE_METHOD_MATCH = YES;
				COPY_PHASE_STRIP = NO;
				DEBUG_INFORMATION_FORMAT = dwarf;
				DEVELOPMENT_TEAM = 59SVXWFZ98;
				ENABLE_STRICT_OBJC_MSGSEND = YES;
				ENABLE_TESTABILITY = YES;
				ENABLE_USER_SCRIPT_SANDBOXING = YES;
				GCC_C_LANGUAGE_STANDARD = gnu17;
				GCC_DYNAMIC_NO_PIC = NO;
				GCC_NO_COMMON_BLOCKS = YES;
				GCC_OPTIMIZATION_LEVEL = 0;
				GCC_PREPROCESSOR_DEFINITIONS = (
					"DEBUG=1",
					"$(inherited)",
				);
				GCC_WARN_64_TO_32_BIT_CONVERSION = YES;
				GCC_WARN_ABOUT_RETURN_TYPE = YES_ERROR;
				GCC_WARN_UNDECLARED_SELECTOR = YES;
				GCC_WARN_UNINITIALIZED_AUTOS = YES_AGGRESSIVE;
				GCC_WARN_UNUSED_FUNCTION = YES;
				GCC_WARN_UNUSED_VARIABLE = YES;
				LOCALIZATION_PREFERS_STRING_CATALOGS = YES;
				MACOSX_DEPLOYMENT_TARGET = 15.5;
				MTL_ENABLE_DEBUG_INFO = INCLUDE_SOURCE;
				MTL_FAST_MATH = YES;
				ONLY_ACTIVE_ARCH = YES;
				SDKROOT = macosx;
				SWIFT_ACTIVE_COMPILATION_CONDITIONS = "DEBUG $(inherited)";
				SWIFT_OPTIMIZATION_LEVEL = "-Onone";
			};
			name = Debug;
		};
		0ECDE8C12E0AEE1F0020E1EB /* Release */ = {
			isa = XCBuildConfiguration;
			buildSettings = {
				ALWAYS_SEARCH_USER_PATHS = NO;
				ASSETCATALOG_COMPILER_GENERATE_SWIFT_ASSET_SYMBOL_EXTENSIONS = YES;
				CLANG_ANALYZER_NONNULL = YES;
				CLANG_ANALYZER_NUMBER_OBJECT_CONVERSION = YES_AGGRESSIVE;
				CLANG_CXX_LANGUAGE_STANDARD = "gnu++20";
				CLANG_ENABLE_MODULES = YES;
				CLANG_ENABLE_OBJC_ARC = YES;
				CLANG_ENABLE_OBJC_WEAK = YES;
				CLANG_WARN_BLOCK_CAPTURE_AUTORELEASING = YES;
				CLANG_WARN_BOOL_CONVERSION = YES;
				CLANG_WARN_COMMA = YES;
				CLANG_WARN_CONSTANT_CONVERSION = YES;
				CLANG_WARN_DEPRECATED_OBJC_IMPLEMENTATIONS = YES;
				CLANG_WARN_DIRECT_OBJC_ISA_USAGE = YES_ERROR;
				CLANG_WARN_DOCUMENTATION_COMMENTS = YES;
				CLANG_WARN_EMPTY_BODY = YES;
				CLANG_WARN_ENUM_CONVERSION = YES;
				CLANG_WARN_INFINITE_RECURSION = YES;
				CLANG_WARN_INT_CONVERSION = YES;
				CLANG_WARN_NON_LITERAL_NULL_CONVERSION = YES;
				CLANG_WARN_OBJC_IMPLICIT_RETAIN_SELF = YES;
				CLANG_WARN_OBJC_LITERAL_CONVERSION = YES;
				CLANG_WARN_OBJC_ROOT_CLASS = YES_ERROR;
				CLANG_WARN_QUOTED_INCLUDE_IN_FRAMEWORK_HEADER = YES;
				CLANG_WARN_RANGE_LOOP_ANALYSIS = YES;
				CLANG_WARN_STRICT_PROTOTYPES = YES;
				CLANG_WARN_SUSPICIOUS_MOVE = YES;
				CLANG_WARN_UNGUARDED_AVAILABILITY = YES_AGGRESSIVE;
				CLANG_WARN_UNREACHABLE_CODE = YES;
				CLANG_WARN__DUPLICATE_METHOD_MATCH = YES;
				COPY_PHASE_STRIP = NO;
				DEBUG_INFORMATION_FORMAT = "dwarf-with-dsym";
				DEVELOPMENT_TEAM = 59SVXWFZ98;
				ENABLE_NS_ASSERTIONS = NO;
				ENABLE_STRICT_OBJC_MSGSEND = YES;
				ENABLE_USER_SCRIPT_SANDBOXING = YES;
				GCC_C_LANGUAGE_STANDARD = gnu17;
				GCC_NO_COMMON_BLOCKS = YES;
				GCC_WARN_64_TO_32_BIT_CONVERSION = YES;
				GCC_WARN_ABOUT_RETURN_TYPE = YES_ERROR;
				GCC_WARN_UNDECLARED_SELECTOR = YES;
				GCC_WARN_UNINITIALIZED_AUTOS = YES_AGGRESSIVE;
				GCC_WARN_UNUSED_FUNCTION = YES;
				GCC_WARN_UNUSED_VARIABLE = YES;
				LOCALIZATION_PREFERS_STRING_CATALOGS = YES;
				MACOSX_DEPLOYMENT_TARGET = 15.5;
				MTL_ENABLE_DEBUG_INFO = NO;
				MTL_FAST_MATH = YES;
				SDKROOT = macosx;
				SWIFT_COMPILATION_MODE = wholemodule;
			};
			name = Release;
		};
		0ECDE8C32E0AEE1F0020E1EB /* Debug */ = {
			isa = XCBuildConfiguration;
			baseConfigurationReference = 0ECDE8DE2E0B1D1C0020E1EB /* GRDBCustomSQLite-USER.xcconfig */;
			buildSettings = {
				ASSETCATALOG_COMPILER_APPICON_NAME = AppIcon;
				ASSETCATALOG_COMPILER_GLOBAL_ACCENT_COLOR_NAME = AccentColor;
				CODE_SIGN_ENTITLEMENTS = "slunk-swift/slunk_swift.entitlements";
				CODE_SIGN_STYLE = Automatic;
				COMBINE_HIDPI_IMAGES = YES;
				CURRENT_PROJECT_VERSION = 1;
				DEVELOPMENT_TEAM = 59SVXWFZ98;
				ENABLE_HARDENED_RUNTIME = YES;
				ENABLE_PREVIEWS = YES;
				GENERATE_INFOPLIST_FILE = YES;
				INFOPLIST_KEY_NSHumanReadableCopyright = "";
				LD_RUNPATH_SEARCH_PATHS = (
					"$(inherited)",
					"@executable_path/../Frameworks",
				);
				MARKETING_VERSION = 1.0;
				PRODUCT_BUNDLE_IDENTIFIER = "kim.june.slunk-swift";
				PRODUCT_NAME = "$(TARGET_NAME)";
				REGISTER_APP_GROUPS = YES;
				SWIFT_EMIT_LOC_STRINGS = YES;
				SWIFT_VERSION = 5.0;
			};
			name = Debug;
		};
		0ECDE8C42E0AEE1F0020E1EB /* Release */ = {
			isa = XCBuildConfiguration;
			baseConfigurationReference = 0ECDE8DE2E0B1D1C0020E1EB /* GRDBCustomSQLite-USER.xcconfig */;
			buildSettings = {
				ASSETCATALOG_COMPILER_APPICON_NAME = AppIcon;
				ASSETCATALOG_COMPILER_GLOBAL_ACCENT_COLOR_NAME = AccentColor;
				CODE_SIGN_ENTITLEMENTS = "slunk-swift/slunk_swift.entitlements";
				CODE_SIGN_STYLE = Automatic;
				COMBINE_HIDPI_IMAGES = YES;
				CURRENT_PROJECT_VERSION = 1;
				DEVELOPMENT_TEAM = 59SVXWFZ98;
				ENABLE_HARDENED_RUNTIME = YES;
				ENABLE_PREVIEWS = YES;
				GENERATE_INFOPLIST_FILE = YES;
				INFOPLIST_KEY_NSHumanReadableCopyright = "";
				LD_RUNPATH_SEARCH_PATHS = (
					"$(inherited)",
					"@executable_path/../Frameworks",
				);
				MARKETING_VERSION = 1.0;
				PRODUCT_BUNDLE_IDENTIFIER = "kim.june.slunk-swift";
				PRODUCT_NAME = "$(TARGET_NAME)";
				REGISTER_APP_GROUPS = YES;
				SWIFT_EMIT_LOC_STRINGS = YES;
				SWIFT_VERSION = 5.0;
			};
			name = Release;
		};
		0ECDE8C62E0AEE1F0020E1EB /* Debug */ = {
			isa = XCBuildConfiguration;
			buildSettings = {
				BUNDLE_LOADER = "$(TEST_HOST)";
				CODE_SIGN_STYLE = Automatic;
				CURRENT_PROJECT_VERSION = 1;
				DEVELOPMENT_TEAM = 59SVXWFZ98;
				GENERATE_INFOPLIST_FILE = YES;
				MACOSX_DEPLOYMENT_TARGET = 15.5;
				MARKETING_VERSION = 1.0;
				PRODUCT_BUNDLE_IDENTIFIER = "kim.june.slunk-swiftTests";
				PRODUCT_NAME = "$(TARGET_NAME)";
				SWIFT_EMIT_LOC_STRINGS = NO;
				SWIFT_VERSION = 5.0;
				TEST_HOST = "$(BUILT_PRODUCTS_DIR)/slunk-swift.app/$(BUNDLE_EXECUTABLE_FOLDER_PATH)/slunk-swift";
			};
			name = Debug;
		};
		0ECDE8C72E0AEE1F0020E1EB /* Release */ = {
			isa = XCBuildConfiguration;
			buildSettings = {
				BUNDLE_LOADER = "$(TEST_HOST)";
				CODE_SIGN_STYLE = Automatic;
				CURRENT_PROJECT_VERSION = 1;
				DEVELOPMENT_TEAM = 59SVXWFZ98;
				GENERATE_INFOPLIST_FILE = YES;
				MACOSX_DEPLOYMENT_TARGET = 15.5;
				MARKETING_VERSION = 1.0;
				PRODUCT_BUNDLE_IDENTIFIER = "kim.june.slunk-swiftTests";
				PRODUCT_NAME = "$(TARGET_NAME)";
				SWIFT_EMIT_LOC_STRINGS = NO;
				SWIFT_VERSION = 5.0;
				TEST_HOST = "$(BUILT_PRODUCTS_DIR)/slunk-swift.app/$(BUNDLE_EXECUTABLE_FOLDER_PATH)/slunk-swift";
			};
			name = Release;
		};
		0ECDE8C92E0AEE1F0020E1EB /* Debug */ = {
			isa = XCBuildConfiguration;
			buildSettings = {
				CODE_SIGN_STYLE = Automatic;
				CURRENT_PROJECT_VERSION = 1;
				DEVELOPMENT_TEAM = 59SVXWFZ98;
				GENERATE_INFOPLIST_FILE = YES;
				MARKETING_VERSION = 1.0;
				PRODUCT_BUNDLE_IDENTIFIER = "kim.june.slunk-swiftUITests";
				PRODUCT_NAME = "$(TARGET_NAME)";
				SWIFT_EMIT_LOC_STRINGS = NO;
				SWIFT_VERSION = 5.0;
				TEST_TARGET_NAME = "slunk-swift";
			};
			name = Debug;
		};
		0ECDE8CA2E0AEE1F0020E1EB /* Release */ = {
			isa = XCBuildConfiguration;
			buildSettings = {
				CODE_SIGN_STYLE = Automatic;
				CURRENT_PROJECT_VERSION = 1;
				DEVELOPMENT_TEAM = 59SVXWFZ98;
				GENERATE_INFOPLIST_FILE = YES;
				MARKETING_VERSION = 1.0;
				PRODUCT_BUNDLE_IDENTIFIER = "kim.june.slunk-swiftUITests";
				PRODUCT_NAME = "$(TARGET_NAME)";
				SWIFT_EMIT_LOC_STRINGS = NO;
				SWIFT_VERSION = 5.0;
				TEST_TARGET_NAME = "slunk-swift";
			};
			name = Release;
		};
/* End XCBuildConfiguration section */

/* Begin XCConfigurationList section */
		0ECDE89B2E0AEE1E0020E1EB /* Build configuration list for PBXProject "slunk-swift" */ = {
			isa = XCConfigurationList;
			buildConfigurations = (
				0ECDE8C02E0AEE1F0020E1EB /* Debug */,
				0ECDE8C12E0AEE1F0020E1EB /* Release */,
			);
			defaultConfigurationIsVisible = 0;
			defaultConfigurationName = Release;
		};
		0ECDE8C22E0AEE1F0020E1EB /* Build configuration list for PBXNativeTarget "slunk-swift" */ = {
			isa = XCConfigurationList;
			buildConfigurations = (
				0ECDE8C32E0AEE1F0020E1EB /* Debug */,
				0ECDE8C42E0AEE1F0020E1EB /* Release */,
			);
			defaultConfigurationIsVisible = 0;
			defaultConfigurationName = Release;
		};
		0ECDE8C52E0AEE1F0020E1EB /* Build configuration list for PBXNativeTarget "slunk-swiftTests" */ = {
			isa = XCConfigurationList;
			buildConfigurations = (
				0ECDE8C62E0AEE1F0020E1EB /* Debug */,
				0ECDE8C72E0AEE1F0020E1EB /* Release */,
			);
			defaultConfigurationIsVisible = 0;
			defaultConfigurationName = Release;
		};
		0ECDE8C82E0AEE1F0020E1EB /* Build configuration list for PBXNativeTarget "slunk-swiftUITests" */ = {
			isa = XCConfigurationList;
			buildConfigurations = (
				0ECDE8C92E0AEE1F0020E1EB /* Debug */,
				0ECDE8CA2E0AEE1F0020E1EB /* Release */,
			);
			defaultConfigurationIsVisible = 0;
			defaultConfigurationName = Release;
		};
/* End XCConfigurationList section */

/* Begin XCRemoteSwiftPackageReference section */
		0ECDE8CD2E0B12470020E1EB /* XCRemoteSwiftPackageReference "swift-sdk" */ = {
			isa = XCRemoteSwiftPackageReference;
			repositoryURL = "https://github.com/modelcontextprotocol/swift-sdk.git";
			requirement = {
				kind = upToNextMajorVersion;
				minimumVersion = 0.9.0;
			};
		};
		0ECDE8CE2E0B126D0020E1EB /* XCRemoteSwiftPackageReference "GRDB.swift" */ = {
			isa = XCRemoteSwiftPackageReference;
			repositoryURL = "https://github.com/groue/GRDB.swift.git";
			requirement = {
				branch = master;
				kind = branch;
			};
		};
		0ECDE8CF2E0B12790020E1EB /* XCRemoteSwiftPackageReference "SQLiteVec" */ = {
			isa = XCRemoteSwiftPackageReference;
			repositoryURL = "https://github.com/jkrukowski/SQLiteVec.git";
			requirement = {
				kind = upToNextMajorVersion;
				minimumVersion = 0.0.13;
			};
		};
		0ECDE8D02E0B128A0020E1EB /* XCRemoteSwiftPackageReference "AXSwift" */ = {
			isa = XCRemoteSwiftPackageReference;
			repositoryURL = "https://github.com/tmandry/AXSwift";
			requirement = {
				kind = upToNextMajorVersion;
				minimumVersion = 0.3.2;
			};
		};
		0ECDE8D82E0B1BCA0020E1EB /* XCRemoteSwiftPackageReference "swifter" */ = {
			isa = XCRemoteSwiftPackageReference;
			repositoryURL = "https://github.com/httpswift/swifter.git";
			requirement = {
				kind = upToNextMajorVersion;
				minimumVersion = 1.5.0;
			};
		};
/* End XCRemoteSwiftPackageReference section */

/* Begin XCSwiftPackageProductDependency section */
		0E9B72302E0B560C006DF883 /* SQLiteVec */ = {
			isa = XCSwiftPackageProductDependency;
			package = 0ECDE8CF2E0B12790020E1EB /* XCRemoteSwiftPackageReference "SQLiteVec" */;
			productName = SQLiteVec;
		};
		0ECDE8D22E0B136C0020E1EB /* GRDB */ = {
			isa = XCSwiftPackageProductDependency;
			package = 0ECDE8CE2E0B126D0020E1EB /* XCRemoteSwiftPackageReference "GRDB.swift" */;
			productName = GRDB;
		};
		0ECDE8D42E0B13780020E1EB /* MCP */ = {
			isa = XCSwiftPackageProductDependency;
			package = 0ECDE8CD2E0B12470020E1EB /* XCRemoteSwiftPackageReference "swift-sdk" */;
			productName = MCP;
		};
		0ECDE8D92E0B1BD80020E1EB /* Swifter */ = {
			isa = XCSwiftPackageProductDependency;
			package = 0ECDE8D82E0B1BCA0020E1EB /* XCRemoteSwiftPackageReference "swifter" */;
			productName = Swifter;
		};
/* End XCSwiftPackageProductDependency section */
	};
	rootObject = 0ECDE8982E0AEE1E0020E1EB /* Project object */;
}
